
Microsoft Visual Studio Solution File, Format Version 12.00
# Visual Studio 15
Project("{FAE04EC0-301F-11D3-BF4B-00C04F79EFBC}") = "Assembly-CSharp-Editor", "Assembly-CSharp-Editor.csproj", "{DC7ED7F4-C49C-A64A-7739-9F5BEC1450CB}"
EndProject
Project("{FAE04EC0-301F-11D3-BF4B-00C04F79EFBC}") = "Assembly-CSharp", "Assembly-CSharp.csproj", "{EE33952B-3E72-37AA-B477-BD3E27A3FF5B}"
EndProject
Global
	GlobalSection(SolutionConfigurationPlatforms) = preSolution
		Debug|Any CPU = Debug|Any CPU
		Release|Any CPU = Release|Any CPU
	EndGlobalSection
	GlobalSection(ProjectConfigurationPlatforms) = postSolution
		{DC7ED7F4-C49C-A64A-7739-9F5BEC1450CB}.Debug|Any CPU.ActiveCfg = Debug|Any CPU
		{DC7ED7F4-C49C-A64A-7739-9F5BEC1450CB}.Debug|Any CPU.Build.0 = Debug|Any CPU
		{DC7ED7F4-C49C-A64A-7739-9F5BEC1450CB}.Release|Any CPU.ActiveCfg = Release|Any CPU
		{DC7ED7F4-C49C-A64A-7739-9F5BEC1450CB}.Release|Any CPU.Build.0 = Release|Any CPU
		{EE33952B-3E72-37AA-B477-BD3E27A3FF5B}.Debug|Any CPU.ActiveCfg = Debug|Any CPU
		{EE33952B-3E72-37AA-B477-BD3E27A3FF5B}.Debug|Any CPU.Build.0 = Debug|Any CPU
		{EE33952B-3E72-37AA-B477-BD3E27A3FF5B}.Release|Any CPU.ActiveCfg = Release|Any CPU
		{EE33952B-3E72-37AA-B477-BD3E27A3FF5B}.Release|Any CPU.Build.0 = Release|Any CPU
	EndGlobalSection
	GlobalSection(SolutionProperties) = preSolution
		HideSolutionNode = FALSE
	EndGlobalSection
EndGlobal
